
Microsoft Visual Studio Solution File, Format Version 12.00
# Visual Studio Version 17
VisualStudioVersion = 17.6.33829.357
MinimumVisualStudioVersion = 10.0.40219.1
Project("{9A19103F-16F7-4668-BE54-9A1E7A4F7556}") = "UnityGuard", "UnityGuard.csproj", "{FC470F33-5F45-47DA-8C4E-67A955A45B16}"
EndProject
Global
	GlobalSection(SolutionConfigurationPlatforms) = preSolution
		Debug|Any CPU = Debug|Any CPU
		Release|Any CPU = Release|Any CPU
	EndGlobalSection
	GlobalSection(ProjectConfigurationPlatforms) = postSolution
		{FC470F33-5F45-47DA-8C4E-67A955A45B16}.Debug|Any CPU.ActiveCfg = Release|Any CPU
		{FC470F33-5F45-47DA-8C4E-67A955A45B16}.Debug|Any CPU.Build.0 = Release|Any CPU
		{FC470F33-5F45-47DA-8C4E-67A955A45B16}.Release|Any CPU.ActiveCfg = Release|Any CPU
		{FC470F33-5F45-47DA-8C4E-67A955A45B16}.Release|Any CPU.Build.0 = Release|Any CPU
	EndGlobalSection
	GlobalSection(SolutionProperties) = preSolution
		HideSolutionNode = FALSE
	EndGlobalSection
	GlobalSection(ExtensibilityGlobals) = postSolution
		SolutionGuid = {D6F82865-5848-4BFC-BC88-30B41C69E5DC}
	EndGlobalSection
EndGlobal
